
Microsoft Visual Studio Solution File, Format Version 12.00
# Visual Studio Version 16
VisualStudioVersion = 16.0.31515.178
MinimumVisualStudioVersion = 10.0.40219.1
Project("{FAE04EC0-301F-11D3-BF4B-00C04F79EFBC}") = "EFDatabase", "EFDatabase\EFDatabase.csproj", "{0C34DC01-8998-43EF-91A4-311D34B9DF5D}"
EndProject
Global
	GlobalSection(SolutionConfigurationPlatforms) = preSolution
		Debug|Any CPU = Debug|Any CPU
		Release|Any CPU = Release|Any CPU
	EndGlobalSection
	GlobalSection(ProjectConfigurationPlatforms) = postSolution
		{0C34DC01-8998-43EF-91A4-311D34B9DF5D}.Debug|Any CPU.ActiveCfg = Debug|Any CPU
		{0C34DC01-8998-43EF-91A4-311D34B9DF5D}.Debug|Any CPU.Build.0 = Debug|Any CPU
		{0C34DC01-8998-43EF-91A4-311D34B9DF5D}.Release|Any CPU.ActiveCfg = Release|Any CPU
		{0C34DC01-8998-43EF-91A4-311D34B9DF5D}.Release|Any CPU.Build.0 = Release|Any CPU
	EndGlobalSection
	GlobalSection(SolutionProperties) = preSolution
		HideSolutionNode = FALSE
	EndGlobalSection
	GlobalSection(ExtensibilityGlobals) = postSolution
		SolutionGuid = {6F8C252C-5DAA-4C37-918F-B7F80F4DE99C}
	EndGlobalSection
EndGlobal
